
Microsoft Visual Studio Solution File, Format Version 12.00
# Visual Studio Version 17
VisualStudioVersion = 17.6.33723.286
MinimumVisualStudioVersion = 10.0.40219.1
Project("{8BC9CEB8-8B4A-11D0-8D11-00A0C91BC942}") = "09,04", "09,04\09,04.vcxproj", "{644B8CFB-54C0-4359-8C78-E7F00CEEFF09}"
EndProject
Global
	GlobalSection(SolutionConfigurationPlatforms) = preSolution
		Debug|x64 = Debug|x64
		Debug|x86 = Debug|x86
		Release|x64 = Release|x64
		Release|x86 = Release|x86
	EndGlobalSection
	GlobalSection(ProjectConfigurationPlatforms) = postSolution
		{644B8CFB-54C0-4359-8C78-E7F00CEEFF09}.Debug|x64.ActiveCfg = Debug|x64
		{644B8CFB-54C0-4359-8C78-E7F00CEEFF09}.Debug|x64.Build.0 = Debug|x64
		{644B8CFB-54C0-4359-8C78-E7F00CEEFF09}.Debug|x86.ActiveCfg = Debug|Win32
		{644B8CFB-54C0-4359-8C78-E7F00CEEFF09}.Debug|x86.Build.0 = Debug|Win32
		{644B8CFB-54C0-4359-8C78-E7F00CEEFF09}.Release|x64.ActiveCfg = Release|x64
		{644B8CFB-54C0-4359-8C78-E7F00CEEFF09}.Release|x64.Build.0 = Release|x64
		{644B8CFB-54C0-4359-8C78-E7F00CEEFF09}.Release|x86.ActiveCfg = Release|Win32
		{644B8CFB-54C0-4359-8C78-E7F00CEEFF09}.Release|x86.Build.0 = Release|Win32
	EndGlobalSection
	GlobalSection(SolutionProperties) = preSolution
		HideSolutionNode = FALSE
	EndGlobalSection
	GlobalSection(ExtensibilityGlobals) = postSolution
		SolutionGuid = {FE80FD99-4323-423A-9024-EED11029367C}
	EndGlobalSection
EndGlobal
